
Microsoft Visual Studio Solution File, Format Version 12.00
# Visual Studio Version 17
VisualStudioVersion = 17.2.32630.192
MinimumVisualStudioVersion = 10.0.40219.1
Project("{FAE04EC0-301F-11D3-BF4B-00C04F79EFBC}") = "Antra.MovieAppCRM.WebMVC", "Antra.MovieAppCRM.WebMVC\Antra.MovieAppCRM.WebMVC.csproj", "{633A61AA-F5B3-4398-8BB9-B59430271525}"
EndProject
Global
	GlobalSection(SolutionConfigurationPlatforms) = preSolution
		Debug|Any CPU = Debug|Any CPU
		Release|Any CPU = Release|Any CPU
	EndGlobalSection
	GlobalSection(ProjectConfigurationPlatforms) = postSolution
		{633A61AA-F5B3-4398-8BB9-B59430271525}.Debug|Any CPU.ActiveCfg = Debug|Any CPU
		{633A61AA-F5B3-4398-8BB9-B59430271525}.Debug|Any CPU.Build.0 = Debug|Any CPU
		{633A61AA-F5B3-4398-8BB9-B59430271525}.Release|Any CPU.ActiveCfg = Release|Any CPU
		{633A61AA-F5B3-4398-8BB9-B59430271525}.Release|Any CPU.Build.0 = Release|Any CPU
	EndGlobalSection
	GlobalSection(SolutionProperties) = preSolution
		HideSolutionNode = FALSE
	EndGlobalSection
	GlobalSection(ExtensibilityGlobals) = postSolution
		SolutionGuid = {2C0D008B-A3B5-41AC-ABB4-85451568C1EE}
	EndGlobalSection
EndGlobal
